# This file is generated by running "yarn install" inside your project.
# Manual changes might be lost - proceed with caution!

__metadata:
  version: 8
  cacheKey: 10c0

"@atproto/api@npm:^0.13.18":
  version: 0.13.18
  resolution: "@atproto/api@npm:0.13.18"
  dependencies:
    "@atproto/common-web": "npm:^0.3.1"
    "@atproto/lexicon": "npm:^0.4.3"
    "@atproto/syntax": "npm:^0.3.1"
    "@atproto/xrpc": "npm:^0.6.4"
    await-lock: "npm:^2.2.2"
    multiformats: "npm:^9.9.0"
    tlds: "npm:^1.234.0"
    zod: "npm:^3.23.8"
  checksum: 10c0/203de0a515eff5ba80f674f9f0d575d9ceb9d1fbb3f4940829aae1bf3ceee5ca2921edfe36c5dc2cba7ffe453b79cc5732e9a94fb5b2845a7f6eeabe4e97932d
  languageName: node
  linkType: hard

"@atproto/common-web@npm:^0.3.1":
  version: 0.3.1
  resolution: "@atproto/common-web@npm:0.3.1"
  dependencies:
    graphemer: "npm:^1.4.0"
    multiformats: "npm:^9.9.0"
    uint8arrays: "npm:3.0.0"
    zod: "npm:^3.23.8"
  checksum: 10c0/9ae59b85a8cfa8d4cd3d29b56a6781136eb868f67a8eee4ffc239d85abb2d810ac5c3a1c95293051ff46383677cee0bc9343e2edfdd1cc906c0ce97865567829
  languageName: node
  linkType: hard

"@atproto/lexicon@npm:^0.4.3":
  version: 0.4.3
  resolution: "@atproto/lexicon@npm:0.4.3"
  dependencies:
    "@atproto/common-web": "npm:^0.3.1"
    "@atproto/syntax": "npm:^0.3.1"
    iso-datestring-validator: "npm:^2.2.2"
    multiformats: "npm:^9.9.0"
    zod: "npm:^3.23.8"
  checksum: 10c0/aad249950d1a7696057b3576c9a4bbf8c619ddd1cbdd3bc542540979640b82022b44c4b2c8a87b0c47db1b921f1ac4b4354bc4eb894bb73991b5b921fe460523
  languageName: node
  linkType: hard

"@atproto/syntax@npm:^0.3.1":
  version: 0.3.1
  resolution: "@atproto/syntax@npm:0.3.1"
  checksum: 10c0/22139c4472559d8627017b7c3395346f35a240e09d01ec206fd06e4cbb54cd3348e007f26f1985a808bf7210b629e7cc0c9d149697db24e1a56be33143edec54
  languageName: node
  linkType: hard

"@atproto/xrpc@npm:^0.6.4":
  version: 0.6.4
  resolution: "@atproto/xrpc@npm:0.6.4"
  dependencies:
    "@atproto/lexicon": "npm:^0.4.3"
    zod: "npm:^3.23.8"
  checksum: 10c0/035915b0c7679e15a4435f1c3cb32a4dec0ec543e1d46f7fcb8958ed894619a6d7863884cc0510ab2fd5fd101c0f778e0e61b0d46910ad3bda71d7f99225cd33
  languageName: node
  linkType: hard

"await-lock@npm:^2.2.2":
  version: 2.2.2
  resolution: "await-lock@npm:2.2.2"
  checksum: 10c0/bedf00dad44c6325a655bf3bd523ab9e1ce41023da6a8c379990c76ac1d942ac7e5301627ab84ba37917ab5247506ba429b7f6e4bf77074093f255571b9ad5ee
  languageName: node
  linkType: hard

"bluesky-playground@workspace:.":
  version: 0.0.0-use.local
  resolution: "bluesky-playground@workspace:."
  dependencies:
    "@atproto/api": "npm:^0.13.18"
  languageName: unknown
  linkType: soft

"graphemer@npm:^1.4.0":
  version: 1.4.0
  resolution: "graphemer@npm:1.4.0"
  checksum: 10c0/e951259d8cd2e0d196c72ec711add7115d42eb9a8146c8eeda5b8d3ac91e5dd816b9cd68920726d9fd4490368e7ed86e9c423f40db87e2d8dfafa00fa17c3a31
  languageName: node
  linkType: hard

"iso-datestring-validator@npm:^2.2.2":
  version: 2.2.2
  resolution: "iso-datestring-validator@npm:2.2.2"
  checksum: 10c0/34f05a6ac62f311feda19328c033d94a2a52789d07b9863fec304ed11f69f8bba7922dc6fef5b88a53bd722ddfd9446a2433cb29459885549f69af16672b6f74
  languageName: node
  linkType: hard

"multiformats@npm:^9.4.2, multiformats@npm:^9.9.0":
  version: 9.9.0
  resolution: "multiformats@npm:9.9.0"
  checksum: 10c0/1fdb34fd2fb085142665e8bd402570659b50a5fae5994027e1df3add9e1ce1283ed1e0c2584a5c63ac0a58e871b8ee9665c4a99ca36ce71032617449d48aa975
  languageName: node
  linkType: hard

"tlds@npm:^1.234.0":
  version: 1.255.0
  resolution: "tlds@npm:1.255.0"
  bin:
    tlds: bin.js
  checksum: 10c0/e7e0434142a2ee80e48c383db53cc94757a9fefd545230fad908a31c235f9f9b9cd1d8232d9bc2bd018050f0e8a912c141d0c79289dda852169199892ba847d0
  languageName: node
  linkType: hard

"uint8arrays@npm:3.0.0":
  version: 3.0.0
  resolution: "uint8arrays@npm:3.0.0"
  dependencies:
    multiformats: "npm:^9.4.2"
  checksum: 10c0/19efb7d2ba20ec2550d1ca5b453c01ad62e70098e6454d0a446b12991fa5f3286f8ee979e5cec020fac6b4cbbaad4597024dcc8b2c69365af95443cce1323e34
  languageName: node
  linkType: hard

"zod@npm:^3.23.8":
  version: 3.23.8
  resolution: "zod@npm:3.23.8"
  checksum: 10c0/8f14c87d6b1b53c944c25ce7a28616896319d95bc46a9660fe441adc0ed0a81253b02b5abdaeffedbeb23bdd25a0bf1c29d2c12dd919aef6447652dd295e3e69
  languageName: node
  linkType: hard
